
Microsoft Visual Studio Solution File, Format Version 12.00
# Visual Studio 15
VisualStudioVersion = 15.0.26124.0
MinimumVisualStudioVersion = 15.0.26124.0
Project("{FAE04EC0-301F-11D3-BF4B-00C04F79EFBC}") = "Domain", "Domain\Domain.csproj", "{D15A9640-70A4-4E16-BE1D-80DD74BD9D7C}"
EndProject
Project("{FAE04EC0-301F-11D3-BF4B-00C04F79EFBC}") = "Application", "Application\Application.csproj", "{E11E98AF-6EF1-446C-A253-2CC534CC6818}"
EndProject
Project("{FAE04EC0-301F-11D3-BF4B-00C04F79EFBC}") = "Persistence", "Persistence\Persistence.csproj", "{63104F80-5C7B-4C7D-9159-F1A2CD2D0F6A}"
EndProject
Project("{FAE04EC0-301F-11D3-BF4B-00C04F79EFBC}") = "API", "API\API.csproj", "{CB097869-DD27-4926-930B-6C5008BED696}"
EndProject
Project("{FAE04EC0-301F-11D3-BF4B-00C04F79EFBC}") = "Infrastructure", "Infrastructure\Infrastructure.csproj", "{61573EB6-1412-41F2-8BEE-54F7882CA68D}"
EndProject
Global
	GlobalSection(SolutionConfigurationPlatforms) = preSolution
		Debug|Any CPU = Debug|Any CPU
		Debug|x64 = Debug|x64
		Debug|x86 = Debug|x86
		Release|Any CPU = Release|Any CPU
		Release|x64 = Release|x64
		Release|x86 = Release|x86
	EndGlobalSection
	GlobalSection(SolutionProperties) = preSolution
		HideSolutionNode = FALSE
	EndGlobalSection
	GlobalSection(ProjectConfigurationPlatforms) = postSolution
		{D15A9640-70A4-4E16-BE1D-80DD74BD9D7C}.Debug|Any CPU.ActiveCfg = Debug|Any CPU
		{D15A9640-70A4-4E16-BE1D-80DD74BD9D7C}.Debug|Any CPU.Build.0 = Debug|Any CPU
		{D15A9640-70A4-4E16-BE1D-80DD74BD9D7C}.Debug|x64.ActiveCfg = Debug|Any CPU
		{D15A9640-70A4-4E16-BE1D-80DD74BD9D7C}.Debug|x64.Build.0 = Debug|Any CPU
		{D15A9640-70A4-4E16-BE1D-80DD74BD9D7C}.Debug|x86.ActiveCfg = Debug|Any CPU
		{D15A9640-70A4-4E16-BE1D-80DD74BD9D7C}.Debug|x86.Build.0 = Debug|Any CPU
		{D15A9640-70A4-4E16-BE1D-80DD74BD9D7C}.Release|Any CPU.ActiveCfg = Release|Any CPU
		{D15A9640-70A4-4E16-BE1D-80DD74BD9D7C}.Release|Any CPU.Build.0 = Release|Any CPU
		{D15A9640-70A4-4E16-BE1D-80DD74BD9D7C}.Release|x64.ActiveCfg = Release|Any CPU
		{D15A9640-70A4-4E16-BE1D-80DD74BD9D7C}.Release|x64.Build.0 = Release|Any CPU
		{D15A9640-70A4-4E16-BE1D-80DD74BD9D7C}.Release|x86.ActiveCfg = Release|Any CPU
		{D15A9640-70A4-4E16-BE1D-80DD74BD9D7C}.Release|x86.Build.0 = Release|Any CPU
		{E11E98AF-6EF1-446C-A253-2CC534CC6818}.Debug|Any CPU.ActiveCfg = Debug|Any CPU
		{E11E98AF-6EF1-446C-A253-2CC534CC6818}.Debug|Any CPU.Build.0 = Debug|Any CPU
		{E11E98AF-6EF1-446C-A253-2CC534CC6818}.Debug|x64.ActiveCfg = Debug|Any CPU
		{E11E98AF-6EF1-446C-A253-2CC534CC6818}.Debug|x64.Build.0 = Debug|Any CPU
		{E11E98AF-6EF1-446C-A253-2CC534CC6818}.Debug|x86.ActiveCfg = Debug|Any CPU
		{E11E98AF-6EF1-446C-A253-2CC534CC6818}.Debug|x86.Build.0 = Debug|Any CPU
		{E11E98AF-6EF1-446C-A253-2CC534CC6818}.Release|Any CPU.ActiveCfg = Release|Any CPU
		{E11E98AF-6EF1-446C-A253-2CC534CC6818}.Release|Any CPU.Build.0 = Release|Any CPU
		{E11E98AF-6EF1-446C-A253-2CC534CC6818}.Release|x64.ActiveCfg = Release|Any CPU
		{E11E98AF-6EF1-446C-A253-2CC534CC6818}.Release|x64.Build.0 = Release|Any CPU
		{E11E98AF-6EF1-446C-A253-2CC534CC6818}.Release|x86.ActiveCfg = Release|Any CPU
		{E11E98AF-6EF1-446C-A253-2CC534CC6818}.Release|x86.Build.0 = Release|Any CPU
		{63104F80-5C7B-4C7D-9159-F1A2CD2D0F6A}.Debug|Any CPU.ActiveCfg = Debug|Any CPU
		{63104F80-5C7B-4C7D-9159-F1A2CD2D0F6A}.Debug|Any CPU.Build.0 = Debug|Any CPU
		{63104F80-5C7B-4C7D-9159-F1A2CD2D0F6A}.Debug|x64.ActiveCfg = Debug|Any CPU
		{63104F80-5C7B-4C7D-9159-F1A2CD2D0F6A}.Debug|x64.Build.0 = Debug|Any CPU
		{63104F80-5C7B-4C7D-9159-F1A2CD2D0F6A}.Debug|x86.ActiveCfg = Debug|Any CPU
		{63104F80-5C7B-4C7D-9159-F1A2CD2D0F6A}.Debug|x86.Build.0 = Debug|Any CPU
		{63104F80-5C7B-4C7D-9159-F1A2CD2D0F6A}.Release|Any CPU.ActiveCfg = Release|Any CPU
		{63104F80-5C7B-4C7D-9159-F1A2CD2D0F6A}.Release|Any CPU.Build.0 = Release|Any CPU
		{63104F80-5C7B-4C7D-9159-F1A2CD2D0F6A}.Release|x64.ActiveCfg = Release|Any CPU
		{63104F80-5C7B-4C7D-9159-F1A2CD2D0F6A}.Release|x64.Build.0 = Release|Any CPU
		{63104F80-5C7B-4C7D-9159-F1A2CD2D0F6A}.Release|x86.ActiveCfg = Release|Any CPU
		{63104F80-5C7B-4C7D-9159-F1A2CD2D0F6A}.Release|x86.Build.0 = Release|Any CPU
		{CB097869-DD27-4926-930B-6C5008BED696}.Debug|Any CPU.ActiveCfg = Debug|Any CPU
		{CB097869-DD27-4926-930B-6C5008BED696}.Debug|Any CPU.Build.0 = Debug|Any CPU
		{CB097869-DD27-4926-930B-6C5008BED696}.Debug|x64.ActiveCfg = Debug|Any CPU
		{CB097869-DD27-4926-930B-6C5008BED696}.Debug|x64.Build.0 = Debug|Any CPU
		{CB097869-DD27-4926-930B-6C5008BED696}.Debug|x86.ActiveCfg = Debug|Any CPU
		{CB097869-DD27-4926-930B-6C5008BED696}.Debug|x86.Build.0 = Debug|Any CPU
		{CB097869-DD27-4926-930B-6C5008BED696}.Release|Any CPU.ActiveCfg = Release|Any CPU
		{CB097869-DD27-4926-930B-6C5008BED696}.Release|Any CPU.Build.0 = Release|Any CPU
		{CB097869-DD27-4926-930B-6C5008BED696}.Release|x64.ActiveCfg = Release|Any CPU
		{CB097869-DD27-4926-930B-6C5008BED696}.Release|x64.Build.0 = Release|Any CPU
		{CB097869-DD27-4926-930B-6C5008BED696}.Release|x86.ActiveCfg = Release|Any CPU
		{CB097869-DD27-4926-930B-6C5008BED696}.Release|x86.Build.0 = Release|Any CPU
		{61573EB6-1412-41F2-8BEE-54F7882CA68D}.Debug|Any CPU.ActiveCfg = Debug|Any CPU
		{61573EB6-1412-41F2-8BEE-54F7882CA68D}.Debug|Any CPU.Build.0 = Debug|Any CPU
		{61573EB6-1412-41F2-8BEE-54F7882CA68D}.Debug|x64.ActiveCfg = Debug|Any CPU
		{61573EB6-1412-41F2-8BEE-54F7882CA68D}.Debug|x64.Build.0 = Debug|Any CPU
		{61573EB6-1412-41F2-8BEE-54F7882CA68D}.Debug|x86.ActiveCfg = Debug|Any CPU
		{61573EB6-1412-41F2-8BEE-54F7882CA68D}.Debug|x86.Build.0 = Debug|Any CPU
		{61573EB6-1412-41F2-8BEE-54F7882CA68D}.Release|Any CPU.ActiveCfg = Release|Any CPU
		{61573EB6-1412-41F2-8BEE-54F7882CA68D}.Release|Any CPU.Build.0 = Release|Any CPU
		{61573EB6-1412-41F2-8BEE-54F7882CA68D}.Release|x64.ActiveCfg = Release|Any CPU
		{61573EB6-1412-41F2-8BEE-54F7882CA68D}.Release|x64.Build.0 = Release|Any CPU
		{61573EB6-1412-41F2-8BEE-54F7882CA68D}.Release|x86.ActiveCfg = Release|Any CPU
		{61573EB6-1412-41F2-8BEE-54F7882CA68D}.Release|x86.Build.0 = Release|Any CPU
	EndGlobalSection
EndGlobal
